{
    __meta__ = {
        version = "1.0"
    },
    ["windows|x64"] = {
        ["cmake#f56260b5"] = {
            repo = {
                branch = "master",
                commit = "3a3468812c7cea1482d114361c40034c3db07274",
                url = "https://github.com/xmake-io/xmake-repo.git"
            },
            version = "4.2.1"
        },
        ["directxmath#f56260b5"] = {
            repo = {
                branch = "master",
                commit = "3a3468812c7cea1482d114361c40034c3db07274",
                url = "https://github.com/xmake-io/xmake-repo.git"
            },
            version = "2024.02"
        },
        ["directxtk#f56260b5"] = {
            repo = {
                branch = "master",
                commit = "3a3468812c7cea1482d114361c40034c3db07274",
                url = "https://github.com/xmake-io/xmake-repo.git"
            },
            version = "24.2.0"
        },
        ["ninja#f56260b5"] = {
            repo = {
                branch = "master",
                commit = "3a3468812c7cea1482d114361c40034c3db07274",
                url = "https://github.com/xmake-io/xmake-repo.git"
            },
            version = "v1.13.1"
        },
        ["rapidcsv#f56260b5"] = {
            repo = {
                branch = "master",
                commit = "3a3468812c7cea1482d114361c40034c3db07274",
                url = "https://github.com/xmake-io/xmake-repo.git"
            },
            version = "v8.92"
        },
        ["simpleini#f56260b5"] = {
            repo = {
                branch = "master",
                commit = "3a3468812c7cea1482d114361c40034c3db07274",
                url = "https://github.com/xmake-io/xmake-repo.git"
            },
            version = "v4.25"
        },
        ["spdlog#09c8c173"] = {
            repo = {
                branch = "master",
                commit = "3a3468812c7cea1482d114361c40034c3db07274",
                url = "https://github.com/xmake-io/xmake-repo.git"
            },
            version = "v1.17.0"
        },
        ["xbyak#f56260b5"] = {
            repo = {
                branch = "master",
                commit = "3a3468812c7cea1482d114361c40034c3db07274",
                url = "https://github.com/xmake-io/xmake-repo.git"
            },
            version = "v7.06"
        }
    }
}